
Microsoft Visual Studio Solution File, Format Version 12.00
# Visual Studio 15
VisualStudioVersion = 15.0.27703.2018
MinimumVisualStudioVersion = 10.0.40219.1
Project("{F184B08F-C81C-45F6-A57F-5ABD9991F28F}") = "APPPP", "APPPP\APPPP.vbproj", "{9730A24B-A3B0-4C3F-BDE8-65B3D19CD54F}"
EndProject
Global
	GlobalSection(SolutionConfigurationPlatforms) = preSolution
		Debug|Any CPU = Debug|Any CPU
		Release|Any CPU = Release|Any CPU
	EndGlobalSection
	GlobalSection(ProjectConfigurationPlatforms) = postSolution
		{9730A24B-A3B0-4C3F-BDE8-65B3D19CD54F}.Debug|Any CPU.ActiveCfg = Debug|Any CPU
		{9730A24B-A3B0-4C3F-BDE8-65B3D19CD54F}.Debug|Any CPU.Build.0 = Debug|Any CPU
		{9730A24B-A3B0-4C3F-BDE8-65B3D19CD54F}.Release|Any CPU.ActiveCfg = Release|Any CPU
		{9730A24B-A3B0-4C3F-BDE8-65B3D19CD54F}.Release|Any CPU.Build.0 = Release|Any CPU
	EndGlobalSection
	GlobalSection(SolutionProperties) = preSolution
		HideSolutionNode = FALSE
	EndGlobalSection
	GlobalSection(ExtensibilityGlobals) = postSolution
		SolutionGuid = {60E09E14-21BE-47A1-A285-811830F43D8C}
	EndGlobalSection
EndGlobal
